
Microsoft Visual Studio Solution File, Format Version 12.00
# Visual Studio Version 16
VisualStudioVersion = 16.0.30907.101
MinimumVisualStudioVersion = 10.0.40219.1
Project("{FAE04EC0-301F-11D3-BF4B-00C04F79EFBC}") = "BestCompraAPI", "BestCompraAPI\BestCompraAPI.csproj", "{55446A9F-1817-476D-ABC0-BB8515F789A8}"
EndProject
Global
	GlobalSection(SolutionConfigurationPlatforms) = preSolution
		Debug|Any CPU = Debug|Any CPU
		Release|Any CPU = Release|Any CPU
	EndGlobalSection
	GlobalSection(ProjectConfigurationPlatforms) = postSolution
		{55446A9F-1817-476D-ABC0-BB8515F789A8}.Debug|Any CPU.ActiveCfg = Debug|Any CPU
		{55446A9F-1817-476D-ABC0-BB8515F789A8}.Debug|Any CPU.Build.0 = Debug|Any CPU
		{55446A9F-1817-476D-ABC0-BB8515F789A8}.Release|Any CPU.ActiveCfg = Release|Any CPU
		{55446A9F-1817-476D-ABC0-BB8515F789A8}.Release|Any CPU.Build.0 = Release|Any CPU
	EndGlobalSection
	GlobalSection(SolutionProperties) = preSolution
		HideSolutionNode = FALSE
	EndGlobalSection
	GlobalSection(ExtensibilityGlobals) = postSolution
		SolutionGuid = {0D984DB5-2E20-4477-B335-BD06BF8561CA}
	EndGlobalSection
EndGlobal
